
Microsoft Visual Studio Solution File, Format Version 12.00
# Visual Studio Version 16
VisualStudioVersion = 16.0.30330.147
MinimumVisualStudioVersion = 10.0.40219.1
Project("{FAE04EC0-301F-11D3-BF4B-00C04F79EFBC}") = "TotalDiasDeVida", "TotalDiasDeVida\TotalDiasDeVida.csproj", "{53DD5862-D067-4E70-9C39-4B00E7A7009B}"
EndProject
Project("{FAE04EC0-301F-11D3-BF4B-00C04F79EFBC}") = "DiaDoNascimento", "DiaDoNascimento\DiaDoNascimento.csproj", "{A5BD5D1C-4716-4FE2-B560-3985059DCFF0}"
EndProject
Project("{FAE04EC0-301F-11D3-BF4B-00C04F79EFBC}") = "MetodoEstatico", "MetodoEstatico\MetodoEstatico.csproj", "{DDF51E65-F7B6-497D-BF68-10901CEA6C09}"
EndProject
Project("{2150E333-8FDC-42A3-9474-1A3956D46DE8}") = "exercicio 1", "exercicio 1", "{A1800B00-9089-464B-8FEF-C2191FF2D870}"
EndProject
Project("{2150E333-8FDC-42A3-9474-1A3956D46DE8}") = "exercicio 2", "exercicio 2", "{E54CFC5E-C873-4076-BBD0-582AF599E5DF}"
EndProject
Project("{2150E333-8FDC-42A3-9474-1A3956D46DE8}") = "exercicio 3", "exercicio 3", "{8657DA86-DAE0-4BFC-B315-21E11BFA89D8}"
EndProject
Project("{2150E333-8FDC-42A3-9474-1A3956D46DE8}") = "exercicio 4", "exercicio 4", "{F1DA14A1-57E8-4A90-996C-1D398169FBC9}"
EndProject
Project("{FAE04EC0-301F-11D3-BF4B-00C04F79EFBC}") = "MetodoInstancia", "MetodoInstancia\MetodoInstancia.csproj", "{B7569426-BAA7-4978-8071-29324A1B51C4}"
EndProject
Project("{2150E333-8FDC-42A3-9474-1A3956D46DE8}") = "exercicio 5", "exercicio 5", "{E4919E59-2F1C-4402-AB2D-89E458A13FA5}"
EndProject
Project("{FAE04EC0-301F-11D3-BF4B-00C04F79EFBC}") = "CaraOuCoroa", "CaraOuCoroa\CaraOuCoroa.csproj", "{BDCC31D6-F8B9-4F24-B0D6-A9C4263E4A23}"
EndProject
Project("{2150E333-8FDC-42A3-9474-1A3956D46DE8}") = "exercicio 6", "exercicio 6", "{99B5FEA7-4608-4CD4-B4B2-818E993ABFEE}"
EndProject
Project("{FAE04EC0-301F-11D3-BF4B-00C04F79EFBC}") = "AposentatoriaPorSexo", "AposentatoriaPorSexo\AposentatoriaPorSexo.csproj", "{FFE60326-2C0F-46C4-AE24-9200479D324F}"
EndProject
Project("{2150E333-8FDC-42A3-9474-1A3956D46DE8}") = "exercicio 7", "exercicio 7", "{4558945B-C61A-44AA-AF4E-9ABCD93456F9}"
EndProject
Project("{FAE04EC0-301F-11D3-BF4B-00C04F79EFBC}") = "Jogo1", "Jogo1\Jogo1.csproj", "{25DFAA36-390F-467E-92FC-1C9FBE754A3F}"
EndProject
Project("{FAE04EC0-301F-11D3-BF4B-00C04F79EFBC}") = "Jogo2", "Jogo2\Jogo2.csproj", "{A976AEC9-4B98-4C87-A81F-16AC110B72E2}"
EndProject
Project("{FAE04EC0-301F-11D3-BF4B-00C04F79EFBC}") = "Jogo3", "Jogo3\Jogo3.csproj", "{75CF2CCE-19CD-4DFA-88C3-656574B6D927}"
EndProject
Project("{FAE04EC0-301F-11D3-BF4B-00C04F79EFBC}") = "Jogo4", "Jogo4\Jogo4.csproj", "{787CA361-D796-4821-BB7C-87D4A1ACF17D}"
EndProject
Global
	GlobalSection(SolutionConfigurationPlatforms) = preSolution
		Debug|Any CPU = Debug|Any CPU
		Release|Any CPU = Release|Any CPU
	EndGlobalSection
	GlobalSection(ProjectConfigurationPlatforms) = postSolution
		{53DD5862-D067-4E70-9C39-4B00E7A7009B}.Debug|Any CPU.ActiveCfg = Debug|Any CPU
		{53DD5862-D067-4E70-9C39-4B00E7A7009B}.Debug|Any CPU.Build.0 = Debug|Any CPU
		{53DD5862-D067-4E70-9C39-4B00E7A7009B}.Release|Any CPU.ActiveCfg = Release|Any CPU
		{53DD5862-D067-4E70-9C39-4B00E7A7009B}.Release|Any CPU.Build.0 = Release|Any CPU
		{A5BD5D1C-4716-4FE2-B560-3985059DCFF0}.Debug|Any CPU.ActiveCfg = Debug|Any CPU
		{A5BD5D1C-4716-4FE2-B560-3985059DCFF0}.Debug|Any CPU.Build.0 = Debug|Any CPU
		{A5BD5D1C-4716-4FE2-B560-3985059DCFF0}.Release|Any CPU.ActiveCfg = Release|Any CPU
		{A5BD5D1C-4716-4FE2-B560-3985059DCFF0}.Release|Any CPU.Build.0 = Release|Any CPU
		{DDF51E65-F7B6-497D-BF68-10901CEA6C09}.Debug|Any CPU.ActiveCfg = Debug|Any CPU
		{DDF51E65-F7B6-497D-BF68-10901CEA6C09}.Debug|Any CPU.Build.0 = Debug|Any CPU
		{DDF51E65-F7B6-497D-BF68-10901CEA6C09}.Release|Any CPU.ActiveCfg = Release|Any CPU
		{DDF51E65-F7B6-497D-BF68-10901CEA6C09}.Release|Any CPU.Build.0 = Release|Any CPU
		{B7569426-BAA7-4978-8071-29324A1B51C4}.Debug|Any CPU.ActiveCfg = Debug|Any CPU
		{B7569426-BAA7-4978-8071-29324A1B51C4}.Debug|Any CPU.Build.0 = Debug|Any CPU
		{B7569426-BAA7-4978-8071-29324A1B51C4}.Release|Any CPU.ActiveCfg = Release|Any CPU
		{B7569426-BAA7-4978-8071-29324A1B51C4}.Release|Any CPU.Build.0 = Release|Any CPU
		{BDCC31D6-F8B9-4F24-B0D6-A9C4263E4A23}.Debug|Any CPU.ActiveCfg = Debug|Any CPU
		{BDCC31D6-F8B9-4F24-B0D6-A9C4263E4A23}.Debug|Any CPU.Build.0 = Debug|Any CPU
		{BDCC31D6-F8B9-4F24-B0D6-A9C4263E4A23}.Release|Any CPU.ActiveCfg = Release|Any CPU
		{BDCC31D6-F8B9-4F24-B0D6-A9C4263E4A23}.Release|Any CPU.Build.0 = Release|Any CPU
		{FFE60326-2C0F-46C4-AE24-9200479D324F}.Debug|Any CPU.ActiveCfg = Debug|Any CPU
		{FFE60326-2C0F-46C4-AE24-9200479D324F}.Debug|Any CPU.Build.0 = Debug|Any CPU
		{FFE60326-2C0F-46C4-AE24-9200479D324F}.Release|Any CPU.ActiveCfg = Release|Any CPU
		{FFE60326-2C0F-46C4-AE24-9200479D324F}.Release|Any CPU.Build.0 = Release|Any CPU
		{25DFAA36-390F-467E-92FC-1C9FBE754A3F}.Debug|Any CPU.ActiveCfg = Debug|Any CPU
		{25DFAA36-390F-467E-92FC-1C9FBE754A3F}.Debug|Any CPU.Build.0 = Debug|Any CPU
		{25DFAA36-390F-467E-92FC-1C9FBE754A3F}.Release|Any CPU.ActiveCfg = Release|Any CPU
		{25DFAA36-390F-467E-92FC-1C9FBE754A3F}.Release|Any CPU.Build.0 = Release|Any CPU
		{A976AEC9-4B98-4C87-A81F-16AC110B72E2}.Debug|Any CPU.ActiveCfg = Debug|Any CPU
		{A976AEC9-4B98-4C87-A81F-16AC110B72E2}.Debug|Any CPU.Build.0 = Debug|Any CPU
		{A976AEC9-4B98-4C87-A81F-16AC110B72E2}.Release|Any CPU.ActiveCfg = Release|Any CPU
		{A976AEC9-4B98-4C87-A81F-16AC110B72E2}.Release|Any CPU.Build.0 = Release|Any CPU
		{75CF2CCE-19CD-4DFA-88C3-656574B6D927}.Debug|Any CPU.ActiveCfg = Debug|Any CPU
		{75CF2CCE-19CD-4DFA-88C3-656574B6D927}.Debug|Any CPU.Build.0 = Debug|Any CPU
		{75CF2CCE-19CD-4DFA-88C3-656574B6D927}.Release|Any CPU.ActiveCfg = Release|Any CPU
		{75CF2CCE-19CD-4DFA-88C3-656574B6D927}.Release|Any CPU.Build.0 = Release|Any CPU
		{787CA361-D796-4821-BB7C-87D4A1ACF17D}.Debug|Any CPU.ActiveCfg = Debug|Any CPU
		{787CA361-D796-4821-BB7C-87D4A1ACF17D}.Debug|Any CPU.Build.0 = Debug|Any CPU
		{787CA361-D796-4821-BB7C-87D4A1ACF17D}.Release|Any CPU.ActiveCfg = Release|Any CPU
		{787CA361-D796-4821-BB7C-87D4A1ACF17D}.Release|Any CPU.Build.0 = Release|Any CPU
	EndGlobalSection
	GlobalSection(SolutionProperties) = preSolution
		HideSolutionNode = FALSE
	EndGlobalSection
	GlobalSection(NestedProjects) = preSolution
		{53DD5862-D067-4E70-9C39-4B00E7A7009B} = {A1800B00-9089-464B-8FEF-C2191FF2D870}
		{A5BD5D1C-4716-4FE2-B560-3985059DCFF0} = {E54CFC5E-C873-4076-BBD0-582AF599E5DF}
		{DDF51E65-F7B6-497D-BF68-10901CEA6C09} = {8657DA86-DAE0-4BFC-B315-21E11BFA89D8}
		{B7569426-BAA7-4978-8071-29324A1B51C4} = {F1DA14A1-57E8-4A90-996C-1D398169FBC9}
		{BDCC31D6-F8B9-4F24-B0D6-A9C4263E4A23} = {E4919E59-2F1C-4402-AB2D-89E458A13FA5}
		{FFE60326-2C0F-46C4-AE24-9200479D324F} = {99B5FEA7-4608-4CD4-B4B2-818E993ABFEE}
		{25DFAA36-390F-467E-92FC-1C9FBE754A3F} = {4558945B-C61A-44AA-AF4E-9ABCD93456F9}
		{A976AEC9-4B98-4C87-A81F-16AC110B72E2} = {4558945B-C61A-44AA-AF4E-9ABCD93456F9}
		{75CF2CCE-19CD-4DFA-88C3-656574B6D927} = {4558945B-C61A-44AA-AF4E-9ABCD93456F9}
		{787CA361-D796-4821-BB7C-87D4A1ACF17D} = {4558945B-C61A-44AA-AF4E-9ABCD93456F9}
	EndGlobalSection
	GlobalSection(ExtensibilityGlobals) = postSolution
		SolutionGuid = {45B1DAE4-3F67-4533-8A57-45C965277770}
	EndGlobalSection
EndGlobal
